
Microsoft Visual Studio Solution File, Format Version 12.00
# Visual Studio Version 17
VisualStudioVersion = 17.1.32421.90
MinimumVisualStudioVersion = 10.0.40219.1
Project("{FAE04EC0-301F-11D3-BF4B-00C04F79EFBC}") = "API_Conta", "API_Conta\API_Conta.csproj", "{A84A9CD2-FCCC-4B2F-AA38-3CC01208BE86}"
EndProject
Project("{2150E333-8FDC-42A3-9474-1A3956D46DE8}") = "1.0 - Apresentação", "1.0 - Apresentação", "{63C51685-FF9B-44A3-B8AB-5A8A7B012EA8}"
EndProject
Project("{2150E333-8FDC-42A3-9474-1A3956D46DE8}") = "2.0 - Aplicação", "2.0 - Aplicação", "{37434783-1654-4C98-9D77-315DFF8FF45D}"
EndProject
Project("{2150E333-8FDC-42A3-9474-1A3956D46DE8}") = "3.0 - Domínio", "3.0 - Domínio", "{03A915DC-1FA6-4DC2-A136-30E92130BEDE}"
EndProject
Project("{2150E333-8FDC-42A3-9474-1A3956D46DE8}") = "4.0 - Infra", "4.0 - Infra", "{F63914BD-C864-44D0-8767-8235CF962370}"
EndProject
Project("{FAE04EC0-301F-11D3-BF4B-00C04F79EFBC}") = "Aplicacao", "Aplicacao\Aplicacao.csproj", "{C8223FFE-CD97-4B2E-9AD5-5B27FF2E2AA1}"
EndProject
Project("{FAE04EC0-301F-11D3-BF4B-00C04F79EFBC}") = "AplicacaoDto", "AplicacaoDto\AplicacaoDto.csproj", "{CE760AA0-0D74-4C0E-849D-1EEC09653C3E}"
EndProject
Project("{FAE04EC0-301F-11D3-BF4B-00C04F79EFBC}") = "Core", "Core\Core.csproj", "{4FC339E8-EEBE-4693-84F1-9E4CE21E63EB}"
EndProject
Project("{FAE04EC0-301F-11D3-BF4B-00C04F79EFBC}") = "Dominio", "Dominio\Dominio.csproj", "{C0D6A758-9C5E-4DFC-BF39-E65BA008EEF2}"
EndProject
Project("{FAE04EC0-301F-11D3-BF4B-00C04F79EFBC}") = "Servico", "Servico\Servico.csproj", "{37492349-976D-4ED8-B16D-A269CF6A0858}"
EndProject
Project("{2150E333-8FDC-42A3-9474-1A3956D46DE8}") = "4.1 - Data", "4.1 - Data", "{2D8611FF-C538-4EF7-A1A3-01BD4FE294FA}"
EndProject
Project("{2150E333-8FDC-42A3-9474-1A3956D46DE8}") = "4.2 - CrossCutting", "4.2 - CrossCutting", "{B25E75D1-2D1F-49A5-8691-ABBF2FAF5F35}"
EndProject
Project("{FAE04EC0-301F-11D3-BF4B-00C04F79EFBC}") = "Data", "Data\Data.csproj", "{A032B6AB-55CA-4213-9161-F28263D13BA9}"
EndProject
Project("{FAE04EC0-301F-11D3-BF4B-00C04F79EFBC}") = "Repositorio", "Repositorio\Repositorio.csproj", "{0C0B71C2-3B9F-43E3-A57D-1F42D926BE3B}"
EndProject
Project("{FAE04EC0-301F-11D3-BF4B-00C04F79EFBC}") = "Adaptador", "Adaptador\Adaptador.csproj", "{F20DE84E-FF11-4D63-8FA5-283AECC293B7}"
EndProject
Project("{FAE04EC0-301F-11D3-BF4B-00C04F79EFBC}") = "IoC", "IoC\IoC.csproj", "{33B2113C-AF52-4D55-9D1A-BE0892F9A7EE}"
EndProject
Global
	GlobalSection(SolutionConfigurationPlatforms) = preSolution
		Debug|Any CPU = Debug|Any CPU
		Release|Any CPU = Release|Any CPU
	EndGlobalSection
	GlobalSection(ProjectConfigurationPlatforms) = postSolution
		{A84A9CD2-FCCC-4B2F-AA38-3CC01208BE86}.Debug|Any CPU.ActiveCfg = Debug|Any CPU
		{A84A9CD2-FCCC-4B2F-AA38-3CC01208BE86}.Debug|Any CPU.Build.0 = Debug|Any CPU
		{A84A9CD2-FCCC-4B2F-AA38-3CC01208BE86}.Release|Any CPU.ActiveCfg = Release|Any CPU
		{A84A9CD2-FCCC-4B2F-AA38-3CC01208BE86}.Release|Any CPU.Build.0 = Release|Any CPU
		{C8223FFE-CD97-4B2E-9AD5-5B27FF2E2AA1}.Debug|Any CPU.ActiveCfg = Debug|Any CPU
		{C8223FFE-CD97-4B2E-9AD5-5B27FF2E2AA1}.Debug|Any CPU.Build.0 = Debug|Any CPU
		{C8223FFE-CD97-4B2E-9AD5-5B27FF2E2AA1}.Release|Any CPU.ActiveCfg = Release|Any CPU
		{C8223FFE-CD97-4B2E-9AD5-5B27FF2E2AA1}.Release|Any CPU.Build.0 = Release|Any CPU
		{CE760AA0-0D74-4C0E-849D-1EEC09653C3E}.Debug|Any CPU.ActiveCfg = Debug|Any CPU
		{CE760AA0-0D74-4C0E-849D-1EEC09653C3E}.Debug|Any CPU.Build.0 = Debug|Any CPU
		{CE760AA0-0D74-4C0E-849D-1EEC09653C3E}.Release|Any CPU.ActiveCfg = Release|Any CPU
		{CE760AA0-0D74-4C0E-849D-1EEC09653C3E}.Release|Any CPU.Build.0 = Release|Any CPU
		{4FC339E8-EEBE-4693-84F1-9E4CE21E63EB}.Debug|Any CPU.ActiveCfg = Debug|Any CPU
		{4FC339E8-EEBE-4693-84F1-9E4CE21E63EB}.Debug|Any CPU.Build.0 = Debug|Any CPU
		{4FC339E8-EEBE-4693-84F1-9E4CE21E63EB}.Release|Any CPU.ActiveCfg = Release|Any CPU
		{4FC339E8-EEBE-4693-84F1-9E4CE21E63EB}.Release|Any CPU.Build.0 = Release|Any CPU
		{C0D6A758-9C5E-4DFC-BF39-E65BA008EEF2}.Debug|Any CPU.ActiveCfg = Debug|Any CPU
		{C0D6A758-9C5E-4DFC-BF39-E65BA008EEF2}.Debug|Any CPU.Build.0 = Debug|Any CPU
		{C0D6A758-9C5E-4DFC-BF39-E65BA008EEF2}.Release|Any CPU.ActiveCfg = Release|Any CPU
		{C0D6A758-9C5E-4DFC-BF39-E65BA008EEF2}.Release|Any CPU.Build.0 = Release|Any CPU
		{37492349-976D-4ED8-B16D-A269CF6A0858}.Debug|Any CPU.ActiveCfg = Debug|Any CPU
		{37492349-976D-4ED8-B16D-A269CF6A0858}.Debug|Any CPU.Build.0 = Debug|Any CPU
		{37492349-976D-4ED8-B16D-A269CF6A0858}.Release|Any CPU.ActiveCfg = Release|Any CPU
		{37492349-976D-4ED8-B16D-A269CF6A0858}.Release|Any CPU.Build.0 = Release|Any CPU
		{A032B6AB-55CA-4213-9161-F28263D13BA9}.Debug|Any CPU.ActiveCfg = Debug|Any CPU
		{A032B6AB-55CA-4213-9161-F28263D13BA9}.Debug|Any CPU.Build.0 = Debug|Any CPU
		{A032B6AB-55CA-4213-9161-F28263D13BA9}.Release|Any CPU.ActiveCfg = Release|Any CPU
		{A032B6AB-55CA-4213-9161-F28263D13BA9}.Release|Any CPU.Build.0 = Release|Any CPU
		{0C0B71C2-3B9F-43E3-A57D-1F42D926BE3B}.Debug|Any CPU.ActiveCfg = Debug|Any CPU
		{0C0B71C2-3B9F-43E3-A57D-1F42D926BE3B}.Debug|Any CPU.Build.0 = Debug|Any CPU
		{0C0B71C2-3B9F-43E3-A57D-1F42D926BE3B}.Release|Any CPU.ActiveCfg = Release|Any CPU
		{0C0B71C2-3B9F-43E3-A57D-1F42D926BE3B}.Release|Any CPU.Build.0 = Release|Any CPU
		{F20DE84E-FF11-4D63-8FA5-283AECC293B7}.Debug|Any CPU.ActiveCfg = Debug|Any CPU
		{F20DE84E-FF11-4D63-8FA5-283AECC293B7}.Debug|Any CPU.Build.0 = Debug|Any CPU
		{F20DE84E-FF11-4D63-8FA5-283AECC293B7}.Release|Any CPU.ActiveCfg = Release|Any CPU
		{F20DE84E-FF11-4D63-8FA5-283AECC293B7}.Release|Any CPU.Build.0 = Release|Any CPU
		{33B2113C-AF52-4D55-9D1A-BE0892F9A7EE}.Debug|Any CPU.ActiveCfg = Debug|Any CPU
		{33B2113C-AF52-4D55-9D1A-BE0892F9A7EE}.Debug|Any CPU.Build.0 = Debug|Any CPU
		{33B2113C-AF52-4D55-9D1A-BE0892F9A7EE}.Release|Any CPU.ActiveCfg = Release|Any CPU
		{33B2113C-AF52-4D55-9D1A-BE0892F9A7EE}.Release|Any CPU.Build.0 = Release|Any CPU
	EndGlobalSection
	GlobalSection(SolutionProperties) = preSolution
		HideSolutionNode = FALSE
	EndGlobalSection
	GlobalSection(NestedProjects) = preSolution
		{A84A9CD2-FCCC-4B2F-AA38-3CC01208BE86} = {63C51685-FF9B-44A3-B8AB-5A8A7B012EA8}
		{C8223FFE-CD97-4B2E-9AD5-5B27FF2E2AA1} = {37434783-1654-4C98-9D77-315DFF8FF45D}
		{CE760AA0-0D74-4C0E-849D-1EEC09653C3E} = {37434783-1654-4C98-9D77-315DFF8FF45D}
		{4FC339E8-EEBE-4693-84F1-9E4CE21E63EB} = {03A915DC-1FA6-4DC2-A136-30E92130BEDE}
		{C0D6A758-9C5E-4DFC-BF39-E65BA008EEF2} = {03A915DC-1FA6-4DC2-A136-30E92130BEDE}
		{37492349-976D-4ED8-B16D-A269CF6A0858} = {03A915DC-1FA6-4DC2-A136-30E92130BEDE}
		{2D8611FF-C538-4EF7-A1A3-01BD4FE294FA} = {F63914BD-C864-44D0-8767-8235CF962370}
		{B25E75D1-2D1F-49A5-8691-ABBF2FAF5F35} = {F63914BD-C864-44D0-8767-8235CF962370}
		{A032B6AB-55CA-4213-9161-F28263D13BA9} = {2D8611FF-C538-4EF7-A1A3-01BD4FE294FA}
		{0C0B71C2-3B9F-43E3-A57D-1F42D926BE3B} = {2D8611FF-C538-4EF7-A1A3-01BD4FE294FA}
		{F20DE84E-FF11-4D63-8FA5-283AECC293B7} = {B25E75D1-2D1F-49A5-8691-ABBF2FAF5F35}
		{33B2113C-AF52-4D55-9D1A-BE0892F9A7EE} = {B25E75D1-2D1F-49A5-8691-ABBF2FAF5F35}
	EndGlobalSection
	GlobalSection(ExtensibilityGlobals) = postSolution
		SolutionGuid = {C4E56502-482A-4157-9932-696266CD2C92}
	EndGlobalSection
EndGlobal
